
Microsoft Visual Studio Solution File, Format Version 12.00
# Visual Studio Version 16
VisualStudioVersion = 16.0.29613.14
MinimumVisualStudioVersion = 10.0.40219.1
Project("{FAE04EC0-301F-11D3-BF4B-00C04F79EFBC}") = "Proyecto Modelos", "Proyecto Modelos.csproj", "{E764095E-11F0-4E1A-9B6A-DBFC7F3EC751}"
EndProject
Global
	GlobalSection(SolutionConfigurationPlatforms) = preSolution
		Debug|Any CPU = Debug|Any CPU
		Release|Any CPU = Release|Any CPU
	EndGlobalSection
	GlobalSection(ProjectConfigurationPlatforms) = postSolution
		{E764095E-11F0-4E1A-9B6A-DBFC7F3EC751}.Debug|Any CPU.ActiveCfg = Debug|Any CPU
		{E764095E-11F0-4E1A-9B6A-DBFC7F3EC751}.Debug|Any CPU.Build.0 = Debug|Any CPU
		{E764095E-11F0-4E1A-9B6A-DBFC7F3EC751}.Release|Any CPU.ActiveCfg = Release|Any CPU
		{E764095E-11F0-4E1A-9B6A-DBFC7F3EC751}.Release|Any CPU.Build.0 = Release|Any CPU
	EndGlobalSection
	GlobalSection(SolutionProperties) = preSolution
		HideSolutionNode = FALSE
	EndGlobalSection
	GlobalSection(ExtensibilityGlobals) = postSolution
		SolutionGuid = {C45D9AB0-65C1-49FC-A09E-D7ACE911FF40}
	EndGlobalSection
EndGlobal
